
Microsoft Visual Studio Solution File, Format Version 12.00
# Visual Studio Version 17
VisualStudioVersion = 17.11.35327.3
MinimumVisualStudioVersion = 10.0.40219.1
Project("{8BC9CEB8-8B4A-11D0-8D11-00A0C91BC942}") = "我的人机对战五子棋", "我的人机对战五子棋.vcxproj", "{CD02D3C3-6C72-48E1-B3E6-24ED135E94B9}"
EndProject
Global
	GlobalSection(SolutionConfigurationPlatforms) = preSolution
		Debug|x64 = Debug|x64
		Debug|x86 = Debug|x86
		Release|x64 = Release|x64
		Release|x86 = Release|x86
	EndGlobalSection
	GlobalSection(ProjectConfigurationPlatforms) = postSolution
		{CD02D3C3-6C72-48E1-B3E6-24ED135E94B9}.Debug|x64.ActiveCfg = Debug|x64
		{CD02D3C3-6C72-48E1-B3E6-24ED135E94B9}.Debug|x64.Build.0 = Debug|x64
		{CD02D3C3-6C72-48E1-B3E6-24ED135E94B9}.Debug|x86.ActiveCfg = Debug|Win32
		{CD02D3C3-6C72-48E1-B3E6-24ED135E94B9}.Debug|x86.Build.0 = Debug|Win32
		{CD02D3C3-6C72-48E1-B3E6-24ED135E94B9}.Release|x64.ActiveCfg = Release|x64
		{CD02D3C3-6C72-48E1-B3E6-24ED135E94B9}.Release|x64.Build.0 = Release|x64
		{CD02D3C3-6C72-48E1-B3E6-24ED135E94B9}.Release|x86.ActiveCfg = Release|Win32
		{CD02D3C3-6C72-48E1-B3E6-24ED135E94B9}.Release|x86.Build.0 = Release|Win32
	EndGlobalSection
	GlobalSection(SolutionProperties) = preSolution
		HideSolutionNode = FALSE
	EndGlobalSection
	GlobalSection(ExtensibilityGlobals) = postSolution
		SolutionGuid = {4898FA1F-6D00-449E-B7D2-BE209D33CDF7}
	EndGlobalSection
EndGlobal
